
Microsoft Visual Studio Solution File, Format Version 12.00
# Visual Studio 15
VisualStudioVersion = 15.0.28307.421
MinimumVisualStudioVersion = 10.0.40219.1
Project("{9A19103F-16F7-4668-BE54-9A1E7A4F7556}") = "DynamicType", "src\DynamicType\DynamicType.csproj", "{B56E0A81-7357-4E1C-85A4-E567B74F1AE8}"
EndProject
Project("{FAE04EC0-301F-11D3-BF4B-00C04F79EFBC}") = "DynamicGlobals.TestConsole", "src\DynamicGlobals.TestConsole\DynamicGlobals.TestConsole.csproj", "{4A97DA63-6A85-4D58-8A31-F0607E6C950F}"
EndProject
Global
	GlobalSection(SolutionConfigurationPlatforms) = preSolution
		Debug|Any CPU = Debug|Any CPU
		Release|Any CPU = Release|Any CPU
	EndGlobalSection
	GlobalSection(ProjectConfigurationPlatforms) = postSolution
		{B56E0A81-7357-4E1C-85A4-E567B74F1AE8}.Debug|Any CPU.ActiveCfg = Debug|Any CPU
		{B56E0A81-7357-4E1C-85A4-E567B74F1AE8}.Debug|Any CPU.Build.0 = Debug|Any CPU
		{B56E0A81-7357-4E1C-85A4-E567B74F1AE8}.Release|Any CPU.ActiveCfg = Release|Any CPU
		{B56E0A81-7357-4E1C-85A4-E567B74F1AE8}.Release|Any CPU.Build.0 = Release|Any CPU
		{4A97DA63-6A85-4D58-8A31-F0607E6C950F}.Debug|Any CPU.ActiveCfg = Debug|Any CPU
		{4A97DA63-6A85-4D58-8A31-F0607E6C950F}.Debug|Any CPU.Build.0 = Debug|Any CPU
		{4A97DA63-6A85-4D58-8A31-F0607E6C950F}.Release|Any CPU.ActiveCfg = Release|Any CPU
		{4A97DA63-6A85-4D58-8A31-F0607E6C950F}.Release|Any CPU.Build.0 = Release|Any CPU
	EndGlobalSection
	GlobalSection(SolutionProperties) = preSolution
		HideSolutionNode = FALSE
	EndGlobalSection
	GlobalSection(ExtensibilityGlobals) = postSolution
		SolutionGuid = {66564675-52FA-4C40-9880-B4FE896594B8}
	EndGlobalSection
EndGlobal
